
Microsoft Visual Studio Solution File, Format Version 12.00
# Visual Studio Version 16
VisualStudioVersion = 16.0.30717.126
MinimumVisualStudioVersion = 10.0.40219.1
Project("{FAE04EC0-301F-11D3-BF4B-00C04F79EFBC}") = "Ejercicio_1", "Windows_Multitouch\Ejercicio_1.csproj", "{15910AF3-E69F-4F0E-8838-B483A4610CA1}"
EndProject
Project("{FAE04EC0-301F-11D3-BF4B-00C04F79EFBC}") = "Ejercicio_2", "Ejercicio_2\Ejercicio_2.csproj", "{B6E9F978-BD77-49EE-BA74-A1FB065BA230}"
EndProject
Project("{FAE04EC0-301F-11D3-BF4B-00C04F79EFBC}") = "Ejercicio_3", "Ejercicio_3\Ejercicio_3.csproj", "{9B3E2C3C-2A54-4BA5-AE11-309FC4E96122}"
EndProject
Project("{FAE04EC0-301F-11D3-BF4B-00C04F79EFBC}") = "Ejercicio_4", "Ejercicio_4\Ejercicio_4.csproj", "{7F0791F8-7ED1-41E9-A41E-D3F62B824A3D}"
EndProject
Global
	GlobalSection(SolutionConfigurationPlatforms) = preSolution
		Debug|ARM = Debug|ARM
		Debug|ARM64 = Debug|ARM64
		Debug|x64 = Debug|x64
		Debug|x86 = Debug|x86
		Release|ARM = Release|ARM
		Release|ARM64 = Release|ARM64
		Release|x64 = Release|x64
		Release|x86 = Release|x86
	EndGlobalSection
	GlobalSection(ProjectConfigurationPlatforms) = postSolution
		{15910AF3-E69F-4F0E-8838-B483A4610CA1}.Debug|ARM.ActiveCfg = Debug|ARM
		{15910AF3-E69F-4F0E-8838-B483A4610CA1}.Debug|ARM.Build.0 = Debug|ARM
		{15910AF3-E69F-4F0E-8838-B483A4610CA1}.Debug|ARM.Deploy.0 = Debug|ARM
		{15910AF3-E69F-4F0E-8838-B483A4610CA1}.Debug|ARM64.ActiveCfg = Debug|ARM64
		{15910AF3-E69F-4F0E-8838-B483A4610CA1}.Debug|ARM64.Build.0 = Debug|ARM64
		{15910AF3-E69F-4F0E-8838-B483A4610CA1}.Debug|ARM64.Deploy.0 = Debug|ARM64
		{15910AF3-E69F-4F0E-8838-B483A4610CA1}.Debug|x64.ActiveCfg = Debug|x64
		{15910AF3-E69F-4F0E-8838-B483A4610CA1}.Debug|x64.Build.0 = Debug|x64
		{15910AF3-E69F-4F0E-8838-B483A4610CA1}.Debug|x64.Deploy.0 = Debug|x64
		{15910AF3-E69F-4F0E-8838-B483A4610CA1}.Debug|x86.ActiveCfg = Debug|x86
		{15910AF3-E69F-4F0E-8838-B483A4610CA1}.Debug|x86.Build.0 = Debug|x86
		{15910AF3-E69F-4F0E-8838-B483A4610CA1}.Debug|x86.Deploy.0 = Debug|x86
		{15910AF3-E69F-4F0E-8838-B483A4610CA1}.Release|ARM.ActiveCfg = Release|ARM
		{15910AF3-E69F-4F0E-8838-B483A4610CA1}.Release|ARM.Build.0 = Release|ARM
		{15910AF3-E69F-4F0E-8838-B483A4610CA1}.Release|ARM.Deploy.0 = Release|ARM
		{15910AF3-E69F-4F0E-8838-B483A4610CA1}.Release|ARM64.ActiveCfg = Release|ARM64
		{15910AF3-E69F-4F0E-8838-B483A4610CA1}.Release|ARM64.Build.0 = Release|ARM64
		{15910AF3-E69F-4F0E-8838-B483A4610CA1}.Release|ARM64.Deploy.0 = Release|ARM64
		{15910AF3-E69F-4F0E-8838-B483A4610CA1}.Release|x64.ActiveCfg = Release|x64
		{15910AF3-E69F-4F0E-8838-B483A4610CA1}.Release|x64.Build.0 = Release|x64
		{15910AF3-E69F-4F0E-8838-B483A4610CA1}.Release|x64.Deploy.0 = Release|x64
		{15910AF3-E69F-4F0E-8838-B483A4610CA1}.Release|x86.ActiveCfg = Release|x86
		{15910AF3-E69F-4F0E-8838-B483A4610CA1}.Release|x86.Build.0 = Release|x86
		{15910AF3-E69F-4F0E-8838-B483A4610CA1}.Release|x86.Deploy.0 = Release|x86
		{B6E9F978-BD77-49EE-BA74-A1FB065BA230}.Debug|ARM.ActiveCfg = Debug|ARM
		{B6E9F978-BD77-49EE-BA74-A1FB065BA230}.Debug|ARM.Build.0 = Debug|ARM
		{B6E9F978-BD77-49EE-BA74-A1FB065BA230}.Debug|ARM.Deploy.0 = Debug|ARM
		{B6E9F978-BD77-49EE-BA74-A1FB065BA230}.Debug|ARM64.ActiveCfg = Debug|ARM64
		{B6E9F978-BD77-49EE-BA74-A1FB065BA230}.Debug|ARM64.Build.0 = Debug|ARM64
		{B6E9F978-BD77-49EE-BA74-A1FB065BA230}.Debug|ARM64.Deploy.0 = Debug|ARM64
		{B6E9F978-BD77-49EE-BA74-A1FB065BA230}.Debug|x64.ActiveCfg = Debug|x64
		{B6E9F978-BD77-49EE-BA74-A1FB065BA230}.Debug|x64.Build.0 = Debug|x64
		{B6E9F978-BD77-49EE-BA74-A1FB065BA230}.Debug|x64.Deploy.0 = Debug|x64
		{B6E9F978-BD77-49EE-BA74-A1FB065BA230}.Debug|x86.ActiveCfg = Debug|x86
		{B6E9F978-BD77-49EE-BA74-A1FB065BA230}.Debug|x86.Build.0 = Debug|x86
		{B6E9F978-BD77-49EE-BA74-A1FB065BA230}.Debug|x86.Deploy.0 = Debug|x86
		{B6E9F978-BD77-49EE-BA74-A1FB065BA230}.Release|ARM.ActiveCfg = Release|ARM
		{B6E9F978-BD77-49EE-BA74-A1FB065BA230}.Release|ARM.Build.0 = Release|ARM
		{B6E9F978-BD77-49EE-BA74-A1FB065BA230}.Release|ARM.Deploy.0 = Release|ARM
		{B6E9F978-BD77-49EE-BA74-A1FB065BA230}.Release|ARM64.ActiveCfg = Release|ARM64
		{B6E9F978-BD77-49EE-BA74-A1FB065BA230}.Release|ARM64.Build.0 = Release|ARM64
		{B6E9F978-BD77-49EE-BA74-A1FB065BA230}.Release|ARM64.Deploy.0 = Release|ARM64
		{B6E9F978-BD77-49EE-BA74-A1FB065BA230}.Release|x64.ActiveCfg = Release|x64
		{B6E9F978-BD77-49EE-BA74-A1FB065BA230}.Release|x64.Build.0 = Release|x64
		{B6E9F978-BD77-49EE-BA74-A1FB065BA230}.Release|x64.Deploy.0 = Release|x64
		{B6E9F978-BD77-49EE-BA74-A1FB065BA230}.Release|x86.ActiveCfg = Release|x86
		{B6E9F978-BD77-49EE-BA74-A1FB065BA230}.Release|x86.Build.0 = Release|x86
		{B6E9F978-BD77-49EE-BA74-A1FB065BA230}.Release|x86.Deploy.0 = Release|x86
		{9B3E2C3C-2A54-4BA5-AE11-309FC4E96122}.Debug|ARM.ActiveCfg = Debug|ARM
		{9B3E2C3C-2A54-4BA5-AE11-309FC4E96122}.Debug|ARM.Build.0 = Debug|ARM
		{9B3E2C3C-2A54-4BA5-AE11-309FC4E96122}.Debug|ARM.Deploy.0 = Debug|ARM
		{9B3E2C3C-2A54-4BA5-AE11-309FC4E96122}.Debug|ARM64.ActiveCfg = Debug|ARM64
		{9B3E2C3C-2A54-4BA5-AE11-309FC4E96122}.Debug|ARM64.Build.0 = Debug|ARM64
		{9B3E2C3C-2A54-4BA5-AE11-309FC4E96122}.Debug|ARM64.Deploy.0 = Debug|ARM64
		{9B3E2C3C-2A54-4BA5-AE11-309FC4E96122}.Debug|x64.ActiveCfg = Debug|x64
		{9B3E2C3C-2A54-4BA5-AE11-309FC4E96122}.Debug|x64.Build.0 = Debug|x64
		{9B3E2C3C-2A54-4BA5-AE11-309FC4E96122}.Debug|x64.Deploy.0 = Debug|x64
		{9B3E2C3C-2A54-4BA5-AE11-309FC4E96122}.Debug|x86.ActiveCfg = Debug|x86
		{9B3E2C3C-2A54-4BA5-AE11-309FC4E96122}.Debug|x86.Build.0 = Debug|x86
		{9B3E2C3C-2A54-4BA5-AE11-309FC4E96122}.Debug|x86.Deploy.0 = Debug|x86
		{9B3E2C3C-2A54-4BA5-AE11-309FC4E96122}.Release|ARM.ActiveCfg = Release|ARM
		{9B3E2C3C-2A54-4BA5-AE11-309FC4E96122}.Release|ARM.Build.0 = Release|ARM
		{9B3E2C3C-2A54-4BA5-AE11-309FC4E96122}.Release|ARM.Deploy.0 = Release|ARM
		{9B3E2C3C-2A54-4BA5-AE11-309FC4E96122}.Release|ARM64.ActiveCfg = Release|ARM64
		{9B3E2C3C-2A54-4BA5-AE11-309FC4E96122}.Release|ARM64.Build.0 = Release|ARM64
		{9B3E2C3C-2A54-4BA5-AE11-309FC4E96122}.Release|ARM64.Deploy.0 = Release|ARM64
		{9B3E2C3C-2A54-4BA5-AE11-309FC4E96122}.Release|x64.ActiveCfg = Release|x64
		{9B3E2C3C-2A54-4BA5-AE11-309FC4E96122}.Release|x64.Build.0 = Release|x64
		{9B3E2C3C-2A54-4BA5-AE11-309FC4E96122}.Release|x64.Deploy.0 = Release|x64
		{9B3E2C3C-2A54-4BA5-AE11-309FC4E96122}.Release|x86.ActiveCfg = Release|x86
		{9B3E2C3C-2A54-4BA5-AE11-309FC4E96122}.Release|x86.Build.0 = Release|x86
		{9B3E2C3C-2A54-4BA5-AE11-309FC4E96122}.Release|x86.Deploy.0 = Release|x86
		{7F0791F8-7ED1-41E9-A41E-D3F62B824A3D}.Debug|ARM.ActiveCfg = Debug|ARM
		{7F0791F8-7ED1-41E9-A41E-D3F62B824A3D}.Debug|ARM.Build.0 = Debug|ARM
		{7F0791F8-7ED1-41E9-A41E-D3F62B824A3D}.Debug|ARM.Deploy.0 = Debug|ARM
		{7F0791F8-7ED1-41E9-A41E-D3F62B824A3D}.Debug|ARM64.ActiveCfg = Debug|ARM64
		{7F0791F8-7ED1-41E9-A41E-D3F62B824A3D}.Debug|ARM64.Build.0 = Debug|ARM64
		{7F0791F8-7ED1-41E9-A41E-D3F62B824A3D}.Debug|ARM64.Deploy.0 = Debug|ARM64
		{7F0791F8-7ED1-41E9-A41E-D3F62B824A3D}.Debug|x64.ActiveCfg = Debug|x64
		{7F0791F8-7ED1-41E9-A41E-D3F62B824A3D}.Debug|x64.Build.0 = Debug|x64
		{7F0791F8-7ED1-41E9-A41E-D3F62B824A3D}.Debug|x64.Deploy.0 = Debug|x64
		{7F0791F8-7ED1-41E9-A41E-D3F62B824A3D}.Debug|x86.ActiveCfg = Debug|x86
		{7F0791F8-7ED1-41E9-A41E-D3F62B824A3D}.Debug|x86.Build.0 = Debug|x86
		{7F0791F8-7ED1-41E9-A41E-D3F62B824A3D}.Debug|x86.Deploy.0 = Debug|x86
		{7F0791F8-7ED1-41E9-A41E-D3F62B824A3D}.Release|ARM.ActiveCfg = Release|ARM
		{7F0791F8-7ED1-41E9-A41E-D3F62B824A3D}.Release|ARM.Build.0 = Release|ARM
		{7F0791F8-7ED1-41E9-A41E-D3F62B824A3D}.Release|ARM.Deploy.0 = Release|ARM
		{7F0791F8-7ED1-41E9-A41E-D3F62B824A3D}.Release|ARM64.ActiveCfg = Release|ARM64
		{7F0791F8-7ED1-41E9-A41E-D3F62B824A3D}.Release|ARM64.Build.0 = Release|ARM64
		{7F0791F8-7ED1-41E9-A41E-D3F62B824A3D}.Release|ARM64.Deploy.0 = Release|ARM64
		{7F0791F8-7ED1-41E9-A41E-D3F62B824A3D}.Release|x64.ActiveCfg = Release|x64
		{7F0791F8-7ED1-41E9-A41E-D3F62B824A3D}.Release|x64.Build.0 = Release|x64
		{7F0791F8-7ED1-41E9-A41E-D3F62B824A3D}.Release|x64.Deploy.0 = Release|x64
		{7F0791F8-7ED1-41E9-A41E-D3F62B824A3D}.Release|x86.ActiveCfg = Release|x86
		{7F0791F8-7ED1-41E9-A41E-D3F62B824A3D}.Release|x86.Build.0 = Release|x86
		{7F0791F8-7ED1-41E9-A41E-D3F62B824A3D}.Release|x86.Deploy.0 = Release|x86
	EndGlobalSection
	GlobalSection(SolutionProperties) = preSolution
		HideSolutionNode = FALSE
	EndGlobalSection
	GlobalSection(ExtensibilityGlobals) = postSolution
		SolutionGuid = {21CCABEE-845A-4B91-A88B-15EAAF195950}
	EndGlobalSection
EndGlobal
